
Microsoft Visual Studio Solution File, Format Version 12.00
# Visual Studio 2013
VisualStudioVersion = 12.0.40629.0
MinimumVisualStudioVersion = 10.0.40219.1
Project("{FAE04EC0-301F-11D3-BF4B-00C04F79EFBC}") = "YYS_Bee", "YYS_Bee\YYS_Bee.csproj", "{BF588A54-9CEB-496D-9448-3E146710E710}"
EndProject
Project("{FAE04EC0-301F-11D3-BF4B-00C04F79EFBC}") = "YYS_Bee.WinApi", "YYS_Bee.WinApi\YYS_Bee.WinApi.csproj", "{8C5F5E2D-1276-4662-B3C3-35E37F135932}"
EndProject
Project("{FAE04EC0-301F-11D3-BF4B-00C04F79EFBC}") = "YYS_Bee.Model", "YYS_Bee.Model\YYS_Bee.Model.csproj", "{C6AF4823-1066-441F-AFBC-003485374BD9}"
EndProject
Project("{FAE04EC0-301F-11D3-BF4B-00C04F79EFBC}") = "YYS_Bee.Imp", "YYS_Bee.Imp\YYS_Bee.Imp.csproj", "{55EAF8D7-0EED-42DB-B700-000CD650A99B}"
EndProject
Project("{FAE04EC0-301F-11D3-BF4B-00C04F79EFBC}") = "YYS_Bee.Configs", "YYS_Bee.Configs\YYS_Bee.Configs.csproj", "{4E00C0BB-2F55-4473-BA59-5C5BCC9D6E18}"
EndProject
Global
	GlobalSection(SolutionConfigurationPlatforms) = preSolution
		Debug|Any CPU = Debug|Any CPU
		Release|Any CPU = Release|Any CPU
	EndGlobalSection
	GlobalSection(ProjectConfigurationPlatforms) = postSolution
		{BF588A54-9CEB-496D-9448-3E146710E710}.Debug|Any CPU.ActiveCfg = Debug|Any CPU
		{BF588A54-9CEB-496D-9448-3E146710E710}.Debug|Any CPU.Build.0 = Debug|Any CPU
		{BF588A54-9CEB-496D-9448-3E146710E710}.Release|Any CPU.ActiveCfg = Release|Any CPU
		{BF588A54-9CEB-496D-9448-3E146710E710}.Release|Any CPU.Build.0 = Release|Any CPU
		{8C5F5E2D-1276-4662-B3C3-35E37F135932}.Debug|Any CPU.ActiveCfg = Debug|Any CPU
		{8C5F5E2D-1276-4662-B3C3-35E37F135932}.Debug|Any CPU.Build.0 = Debug|Any CPU
		{8C5F5E2D-1276-4662-B3C3-35E37F135932}.Release|Any CPU.ActiveCfg = Release|Any CPU
		{8C5F5E2D-1276-4662-B3C3-35E37F135932}.Release|Any CPU.Build.0 = Release|Any CPU
		{C6AF4823-1066-441F-AFBC-003485374BD9}.Debug|Any CPU.ActiveCfg = Debug|Any CPU
		{C6AF4823-1066-441F-AFBC-003485374BD9}.Debug|Any CPU.Build.0 = Debug|Any CPU
		{C6AF4823-1066-441F-AFBC-003485374BD9}.Release|Any CPU.ActiveCfg = Release|Any CPU
		{C6AF4823-1066-441F-AFBC-003485374BD9}.Release|Any CPU.Build.0 = Release|Any CPU
		{55EAF8D7-0EED-42DB-B700-000CD650A99B}.Debug|Any CPU.ActiveCfg = Debug|Any CPU
		{55EAF8D7-0EED-42DB-B700-000CD650A99B}.Debug|Any CPU.Build.0 = Debug|Any CPU
		{55EAF8D7-0EED-42DB-B700-000CD650A99B}.Release|Any CPU.ActiveCfg = Release|Any CPU
		{55EAF8D7-0EED-42DB-B700-000CD650A99B}.Release|Any CPU.Build.0 = Release|Any CPU
		{4E00C0BB-2F55-4473-BA59-5C5BCC9D6E18}.Debug|Any CPU.ActiveCfg = Debug|Any CPU
		{4E00C0BB-2F55-4473-BA59-5C5BCC9D6E18}.Debug|Any CPU.Build.0 = Debug|Any CPU
		{4E00C0BB-2F55-4473-BA59-5C5BCC9D6E18}.Release|Any CPU.ActiveCfg = Release|Any CPU
		{4E00C0BB-2F55-4473-BA59-5C5BCC9D6E18}.Release|Any CPU.Build.0 = Release|Any CPU
	EndGlobalSection
	GlobalSection(SolutionProperties) = preSolution
		HideSolutionNode = FALSE
	EndGlobalSection
	GlobalSection(ExtensibilityGlobals) = postSolution
		SolutionGuid = {D62C3C94-C29B-4367-AA24-38D23103C7BB}
	EndGlobalSection
EndGlobal
